{
    "name": "aura-andromeda",
    "version": "0.0.22",
    "lockfileVersion": 2,
    "requires": true,
    "packages": {
        "": {
            "name": "aura-andromeda",
            "version": "0.0.23",
            "engines": {
                "vscode": "^1.66.0"
            }
        }
    }
}
